
Microsoft Visual Studio Solution File, Format Version 12.00
# Visual Studio Version 17
VisualStudioVersion = 17.9.34407.89
MinimumVisualStudioVersion = 10.0.40219.1
Project("{FAE04EC0-301F-11D3-BF4B-00C04F79EFBC}") = "DiscordGPT.App", "DiscordGPT.App\DiscordGPT.App.csproj", "{A7FF181D-2506-4349-B826-C34A8532B5B7}"
EndProject
Project("{FAE04EC0-301F-11D3-BF4B-00C04F79EFBC}") = "DiscordGPT.Services", "DiscordGPT.Services\DiscordGPT.Services.csproj", "{47064F0A-0305-43C4-8706-08886137FD7E}"
EndProject
Global
	GlobalSection(SolutionConfigurationPlatforms) = preSolution
		Debug|Any CPU = Debug|Any CPU
		Release|Any CPU = Release|Any CPU
	EndGlobalSection
	GlobalSection(ProjectConfigurationPlatforms) = postSolution
		{A7FF181D-2506-4349-B826-C34A8532B5B7}.Debug|Any CPU.ActiveCfg = Debug|Any CPU
		{A7FF181D-2506-4349-B826-C34A8532B5B7}.Debug|Any CPU.Build.0 = Debug|Any CPU
		{A7FF181D-2506-4349-B826-C34A8532B5B7}.Release|Any CPU.ActiveCfg = Release|Any CPU
		{A7FF181D-2506-4349-B826-C34A8532B5B7}.Release|Any CPU.Build.0 = Release|Any CPU
		{47064F0A-0305-43C4-8706-08886137FD7E}.Debug|Any CPU.ActiveCfg = Debug|Any CPU
		{47064F0A-0305-43C4-8706-08886137FD7E}.Debug|Any CPU.Build.0 = Debug|Any CPU
		{47064F0A-0305-43C4-8706-08886137FD7E}.Release|Any CPU.ActiveCfg = Release|Any CPU
		{47064F0A-0305-43C4-8706-08886137FD7E}.Release|Any CPU.Build.0 = Release|Any CPU
	EndGlobalSection
	GlobalSection(SolutionProperties) = preSolution
		HideSolutionNode = FALSE
	EndGlobalSection
	GlobalSection(ExtensibilityGlobals) = postSolution
		SolutionGuid = {33586D18-CB7D-477A-AB31-81C651DE357F}
	EndGlobalSection
EndGlobal
